// !$*UTF8*$!
{
	archiveVersion = 1;
	classes = {
	};
	objectVersion = 48;
	objects = {

/* Begin PBXBuildFile section */
		B6442FFB1F5F6939004BAB45 /* AppDelegate.swift in Sources */ = {isa = PBXBuildFile; fileRef = B6442FFA1F5F6939004BAB45 /* AppDelegate.swift */; };
		B6442FFD1F5F6939004BAB45 /* ViewController.swift in Sources */ = {isa = PBXBuildFile; fileRef = B6442FFC1F5F6939004BAB45 /* ViewController.swift */; };
		B64430001F5F6939004BAB45 /* Main.storyboard in Resources */ = {isa = PBXBuildFile; fileRef = B6442FFE1F5F6939004BAB45 /* Main.storyboard */; };
		B64430021F5F6939004BAB45 /* Assets.xcassets in Resources */ = {isa = PBXBuildFile; fileRef = B64430011F5F6939004BAB45 /* Assets.xcassets */; };
		B64430051F5F6939004BAB45 /* LaunchScreen.storyboard in Resources */ = {isa = PBXBuildFile; fileRef = B64430031F5F6939004BAB45 /* LaunchScreen.storyboard */; };
		B644306C1F60531E004BAB45 /* SqueezeNet.mlmodel in Sources */ = {isa = PBXBuildFile; fileRef = B644306B1F605202004BAB45 /* SqueezeNet.mlmodel */; };
		B6552CFA1F60D5890092FB79 /* Resnet50.mlmodel in Sources */ = {isa = PBXBuildFile; fileRef = B6552CF91F60D5850092FB79 /* Resnet50.mlmodel */; };
		B6552CFC1F60D5C00092FB79 /* GoogLeNetPlaces.mlmodel in Sources */ = {isa = PBXBuildFile; fileRef = B6552CFB1F60D5BD0092FB79 /* GoogLeNetPlaces.mlmodel */; };
/* End PBXBuildFile section */

/* Begin PBXFileReference section */
		B6442FF71F5F6939004BAB45 /* CoreMLExample.app */ = {isa = PBXFileReference; explicitFileType = wrapper.application; includeInIndex = 0; path = CoreMLExample.app; sourceTree = BUILT_PRODUCTS_DIR; };
		B6442FFA1F5F6939004BAB45 /* AppDelegate.swift */ = {isa = PBXFileReference; lastKnownFileType = sourcecode.swift; path = AppDelegate.swift; sourceTree = "<group>"; };
		B6442FFC1F5F6939004BAB45 /* ViewController.swift */ = {isa = PBXFileReference; lastKnownFileType = sourcecode.swift; path = ViewController.swift; sourceTree = "<group>"; };
		B6442FFF1F5F6939004BAB45 /* Base */ = {isa = PBXFileReference; lastKnownFileType = file.storyboard; name = Base; path = Base.lproj/Main.storyboard; sourceTree = "<group>"; };
		B64430011F5F6939004BAB45 /* Assets.xcassets */ = {isa = PBXFileReference; lastKnownFileType = folder.assetcatalog; path = Assets.xcassets; sourceTree = "<group>"; };
		B64430041F5F6939004BAB45 /* Base */ = {isa = PBXFileReference; lastKnownFileType = file.storyboard; name = Base; path = Base.lproj/LaunchScreen.storyboard; sourceTree = "<group>"; };
		B64430061F5F6939004BAB45 /* Info.plist */ = {isa = PBXFileReference; lastKnownFileType = text.plist.xml; path = Info.plist; sourceTree = "<group>"; };
		B644306B1F605202004BAB45 /* SqueezeNet.mlmodel */ = {isa = PBXFileReference; lastKnownFileType = file.mlmodel; path = SqueezeNet.mlmodel; sourceTree = "<group>"; };
		B6552CF91F60D5850092FB79 /* Resnet50.mlmodel */ = {isa = PBXFileReference; lastKnownFileType = file.mlmodel; path = Resnet50.mlmodel; sourceTree = "<group>"; };
		B6552CFB1F60D5BD0092FB79 /* GoogLeNetPlaces.mlmodel */ = {isa = PBXFileReference; lastKnownFileType = file.mlmodel; path = GoogLeNetPlaces.mlmodel; sourceTree = "<group>"; };
/* End PBXFileReference section */

/* Begin PBXFrameworksBuildPhase section */
		B6442FF41F5F6938004BAB45 /* Frameworks */ = {
			isa = PBXFrameworksBuildPhase;
			buildActionMask = 2147483647;
			files = (
			);
			runOnlyForDeploymentPostprocessing = 0;
		};
/* End PBXFrameworksBuildPhase section */

/* Begin PBXGroup section */
		B6442FEE1F5F6938004BAB45 = {
			isa = PBXGroup;
			children = (
				B644306B1F605202004BAB45 /* SqueezeNet.mlmodel */,
				B6552CF91F60D5850092FB79 /* Resnet50.mlmodel */,
				B6552CFB1F60D5BD0092FB79 /* GoogLeNetPlaces.mlmodel */,
				B6442FF91F5F6939004BAB45 /* CoreMLExample */,
				B6442FF81F5F6939004BAB45 /* Products */,
			);
			sourceTree = "<group>";
		};
		B6442FF81F5F6939004BAB45 /* Products */ = {
			isa = PBXGroup;
			children = (
				B6442FF71F5F6939004BAB45 /* CoreMLExample.app */,
			);
			name = Products;
			sourceTree = "<group>";
		};
		B6442FF91F5F6939004BAB45 /* CoreMLExample */ = {
			isa = PBXGroup;
			children = (
				B6442FFA1F5F6939004BAB45 /* AppDelegate.swift */,
				B6442FFC1F5F6939004BAB45 /* ViewController.swift */,
				B6442FFE1F5F6939004BAB45 /* Main.storyboard */,
				B64430011F5F6939004BAB45 /* Assets.xcassets */,
				B64430031F5F6939004BAB45 /* LaunchScreen.storyboard */,
				B64430061F5F6939004BAB45 /* Info.plist */,
			);
			path = CoreMLExample;
			sourceTree = "<group>";
		};
/* End PBXGroup section */

/* Begin PBXNativeTarget section */
		B6442FF61F5F6938004BAB45 /* CoreMLExample */ = {
			isa = PBXNativeTarget;
			buildConfigurationList = B644301F1F5F6939004BAB45 /* Build configuration list for PBXNativeTarget "CoreMLExample" */;
			buildPhases = (
				B6442FF31F5F6938004BAB45 /* Sources */,
				B6442FF41F5F6938004BAB45 /* Frameworks */,
				B6442FF51F5F6938004BAB45 /* Resources */,
			);
			buildRules = (
			);
			dependencies = (
			);
			name = CoreMLExample;
			productName = CoreMLExample;
			productReference = B6442FF71F5F6939004BAB45 /* CoreMLExample.app */;
			productType = "com.apple.product-type.application";
		};
/* End PBXNativeTarget section */

/* Begin PBXProject section */
		B6442FEF1F5F6938004BAB45 /* Project object */ = {
			isa = PBXProject;
			attributes = {
				LastSwiftUpdateCheck = 0900;
				LastUpgradeCheck = 1200;
				ORGANIZATIONNAME = "Eric Larson";
				TargetAttributes = {
					B6442FF61F5F6938004BAB45 = {
						CreatedOnToolsVersion = 9.0;
						ProvisioningStyle = Automatic;
					};
				};
			};
			buildConfigurationList = B6442FF21F5F6938004BAB45 /* Build configuration list for PBXProject "CoreMLExample" */;
			compatibilityVersion = "Xcode 8.0";
			developmentRegion = en;
			hasScannedForEncodings = 0;
			knownRegions = (
				en,
				Base,
			);
			mainGroup = B6442FEE1F5F6938004BAB45;
			productRefGroup = B6442FF81F5F6939004BAB45 /* Products */;
			projectDirPath = "";
			projectRoot = "";
			targets = (
				B6442FF61F5F6938004BAB45 /* CoreMLExample */,
			);
		};
/* End PBXProject section */

/* Begin PBXResourcesBuildPhase section */
		B6442FF51F5F6938004BAB45 /* Resources */ = {
			isa = PBXResourcesBuildPhase;
			buildActionMask = 2147483647;
			files = (
				B64430051F5F6939004BAB45 /* LaunchScreen.storyboard in Resources */,
				B64430021F5F6939004BAB45 /* Assets.xcassets in Resources */,
				B64430001F5F6939004BAB45 /* Main.storyboard in Resources */,
			);
			runOnlyForDeploymentPostprocessing = 0;
		};
/* End PBXResourcesBuildPhase section */

/* Begin PBXSourcesBuildPhase section */
		B6442FF31F5F6938004BAB45 /* Sources */ = {
			isa = PBXSourcesBuildPhase;
			buildActionMask = 2147483647;
			files = (
				B6552CFA1F60D5890092FB79 /* Resnet50.mlmodel in Sources */,
				B6552CFC1F60D5C00092FB79 /* GoogLeNetPlaces.mlmodel in Sources */,
				B6442FFD1F5F6939004BAB45 /* ViewController.swift in Sources */,
				B644306C1F60531E004BAB45 /* SqueezeNet.mlmodel in Sources */,
				B6442FFB1F5F6939004BAB45 /* AppDelegate.swift in Sources */,
			);
			runOnlyForDeploymentPostprocessing = 0;
		};
/* End PBXSourcesBuildPhase section */

/* Begin PBXVariantGroup section */
		B6442FFE1F5F6939004BAB45 /* Main.storyboard */ = {
			isa = PBXVariantGroup;
			children = (
				B6442FFF1F5F6939004BAB45 /* Base */,
			);
			name = Main.storyboard;
			sourceTree = "<group>";
		};
		B64430031F5F6939004BAB45 /* LaunchScreen.storyboard */ = {
			isa = PBXVariantGroup;
			children = (
				B64430041F5F6939004BAB45 /* Base */,
			);
			name = LaunchScreen.storyboard;
			sourceTree = "<group>";
		};
/* End PBXVariantGroup section */

/* Begin XCBuildConfiguration section */
		B644301D1F5F6939004BAB45 /* Debug */ = {
			isa = XCBuildConfiguration;
			buildSettings = {
				ALWAYS_SEARCH_USER_PATHS = NO;
				CLANG_ANALYZER_NONNULL = YES;
				CLANG_ANALYZER_NUMBER_OBJECT_CONVERSION = YES_AGGRESSIVE;
				CLANG_CXX_LANGUAGE_STANDARD = "gnu++14";
				CLANG_CXX_LIBRARY = "libc++";
				CLANG_ENABLE_MODULES = YES;
				CLANG_ENABLE_OBJC_ARC = YES;
				CLANG_WARN_BLOCK_CAPTURE_AUTORELEASING = YES;
				CLANG_WARN_BOOL_CONVERSION = YES;
				CLANG_WARN_COMMA = YES;
				CLANG_WARN_CONSTANT_CONVERSION = YES;
				CLANG_WARN_DEPRECATED_OBJC_IMPLEMENTATIONS = YES;
				CLANG_WARN_DIRECT_OBJC_ISA_USAGE = YES_ERROR;
				CLANG_WARN_DOCUMENTATION_COMMENTS = YES;
				CLANG_WARN_EMPTY_BODY = YES;
				CLANG_WARN_ENUM_CONVERSION = YES;
				CLANG_WARN_INFINITE_RECURSION = YES;
				CLANG_WARN_INT_CONVERSION = YES;
				CLANG_WARN_NON_LITERAL_NULL_CONVERSION = YES;
				CLANG_WARN_OBJC_IMPLICIT_RETAIN_SELF = YES;
				CLANG_WARN_OBJC_LITERAL_CONVERSION = YES;
				CLANG_WARN_OBJC_ROOT_CLASS = YES_ERROR;
				CLANG_WARN_QUOTED_INCLUDE_IN_FRAMEWORK_HEADER = YES;
				CLANG_WARN_RANGE_LOOP_ANALYSIS = YES;
				CLANG_WARN_STRICT_PROTOTYPES = YES;
				CLANG_WARN_SUSPICIOUS_MOVE = YES;
				CLANG_WARN_UNGUARDED_AVAILABILITY = YES_AGGRESSIVE;
				CLANG_WARN_UNREACHABLE_CODE = YES;
				CLANG_WARN__DUPLICATE_METHOD_MATCH = YES;
				CODE_SIGN_IDENTITY = "iPhone Developer";
				COPY_PHASE_STRIP = NO;
				DEBUG_INFORMATION_FORMAT = dwarf;
				ENABLE_STRICT_OBJC_MSGSEND = YES;
				ENABLE_TESTABILITY = YES;
				GCC_C_LANGUAGE_STANDARD = gnu11;
				GCC_DYNAMIC_NO_PIC = NO;
				GCC_NO_COMMON_BLOCKS = YES;
				GCC_OPTIMIZATION_LEVEL = 0;
				GCC_PREPROCESSOR_DEFINITIONS = (
					"DEBUG=1",
					"$(inherited)",
				);
				GCC_WARN_64_TO_32_BIT_CONVERSION = YES;
				GCC_WARN_ABOUT_RETURN_TYPE = YES_ERROR;
				GCC_WARN_UNDECLARED_SELECTOR = YES;
				GCC_WARN_UNINITIALIZED_AUTOS = YES_AGGRESSIVE;
				GCC_WARN_UNUSED_FUNCTION = YES;
				GCC_WARN_UNUSED_VARIABLE = YES;
				IPHONEOS_DEPLOYMENT_TARGET = 13.6;
				MTL_ENABLE_DEBUG_INFO = YES;
				ONLY_ACTIVE_ARCH = YES;
				SDKROOT = iphoneos;
				SWIFT_ACTIVE_COMPILATION_CONDITIONS = DEBUG;
				SWIFT_OPTIMIZATION_LEVEL = "-Onone";
			};
			name = Debug;
		};
		B644301E1F5F6939004BAB45 /* Release */ = {
			isa = XCBuildConfiguration;
			buildSettings = {
				ALWAYS_SEARCH_USER_PATHS = NO;
				CLANG_ANALYZER_NONNULL = YES;
				CLANG_ANALYZER_NUMBER_OBJECT_CONVERSION = YES_AGGRESSIVE;
				CLANG_CXX_LANGUAGE_STANDARD = "gnu++14";
				CLANG_CXX_LIBRARY = "libc++";
				CLANG_ENABLE_MODULES = YES;
				CLANG_ENABLE_OBJC_ARC = YES;
				CLANG_WARN_BLOCK_CAPTURE_AUTORELEASING = YES;
				CLANG_WARN_BOOL_CONVERSION = YES;
				CLANG_WARN_COMMA = YES;
				CLANG_WARN_CONSTANT_CONVERSION = YES;
				CLANG_WARN_DEPRECATED_OBJC_IMPLEMENTATIONS = YES;
				CLANG_WARN_DIRECT_OBJC_ISA_USAGE = YES_ERROR;
				CLANG_WARN_DOCUMENTATION_COMMENTS = YES;
				CLANG_WARN_EMPTY_BODY = YES;
				CLANG_WARN_ENUM_CONVERSION = YES;
				CLANG_WARN_INFINITE_RECURSION = YES;
				CLANG_WARN_INT_CONVERSION = YES;
				CLANG_WARN_NON_LITERAL_NULL_CONVERSION = YES;
				CLANG_WARN_OBJC_IMPLICIT_RETAIN_SELF = YES;
				CLANG_WARN_OBJC_LITERAL_CONVERSION = YES;
				CLANG_WARN_OBJC_ROOT_CLASS = YES_ERROR;
				CLANG_WARN_QUOTED_INCLUDE_IN_FRAMEWORK_HEADER = YES;
				CLANG_WARN_RANGE_LOOP_ANALYSIS = YES;
				CLANG_WARN_STRICT_PROTOTYPES = YES;
				CLANG_WARN_SUSPICIOUS_MOVE = YES;
				CLANG_WARN_UNGUARDED_AVAILABILITY = YES_AGGRESSIVE;
				CLANG_WARN_UNREACHABLE_CODE = YES;
				CLANG_WARN__DUPLICATE_METHOD_MATCH = YES;
				CODE_SIGN_IDENTITY = "iPhone Developer";
				COPY_PHASE_STRIP = NO;
				DEBUG_INFORMATION_FORMAT = "dwarf-with-dsym";
				ENABLE_NS_ASSERTIONS = NO;
				ENABLE_STRICT_OBJC_MSGSEND = YES;
				GCC_C_LANGUAGE_STANDARD = gnu11;
				GCC_NO_COMMON_BLOCKS = YES;
				GCC_WARN_64_TO_32_BIT_CONVERSION = YES;
				GCC_WARN_ABOUT_RETURN_TYPE = YES_ERROR;
				GCC_WARN_UNDECLARED_SELECTOR = YES;
				GCC_WARN_UNINITIALIZED_AUTOS = YES_AGGRESSIVE;
				GCC_WARN_UNUSED_FUNCTION = YES;
				GCC_WARN_UNUSED_VARIABLE = YES;
				IPHONEOS_DEPLOYMENT_TARGET = 13.6;
				MTL_ENABLE_DEBUG_INFO = NO;
				SDKROOT = iphoneos;
				SWIFT_OPTIMIZATION_LEVEL = "-Owholemodule";
				VALIDATE_PRODUCT = YES;
			};
			name = Release;
		};
		B64430201F5F6939004BAB45 /* Debug */ = {
			isa = XCBuildConfiguration;
			buildSettings = {
				ASSETCATALOG_COMPILER_APPICON_NAME = AppIcon;
				CODE_SIGN_STYLE = Automatic;
				DEVELOPMENT_TEAM = APD62CDC25;
				INFOPLIST_FILE = CoreMLExample/Info.plist;
				IPHONEOS_DEPLOYMENT_TARGET = 13.6;
				LD_RUNPATH_SEARCH_PATHS = "$(inherited) @executable_path/Frameworks";
				PRODUCT_BUNDLE_IDENTIFIER = SMU.CoreMLExample;
				PRODUCT_NAME = "$(TARGET_NAME)";
				SWIFT_VERSION = 4.0;
				TARGETED_DEVICE_FAMILY = "1,2";
			};
			name = Debug;
		};
		B64430211F5F6939004BAB45 /* Release */ = {
			isa = XCBuildConfiguration;
			buildSettings = {
				ASSETCATALOG_COMPILER_APPICON_NAME = AppIcon;
				CODE_SIGN_STYLE = Automatic;
				DEVELOPMENT_TEAM = APD62CDC25;
				INFOPLIST_FILE = CoreMLExample/Info.plist;
				IPHONEOS_DEPLOYMENT_TARGET = 13.6;
				LD_RUNPATH_SEARCH_PATHS = "$(inherited) @executable_path/Frameworks";
				PRODUCT_BUNDLE_IDENTIFIER = SMU.CoreMLExample;
				PRODUCT_NAME = "$(TARGET_NAME)";
				SWIFT_VERSION = 4.0;
				TARGETED_DEVICE_FAMILY = "1,2";
			};
			name = Release;
		};
/* End XCBuildConfiguration section */

/* Begin XCConfigurationList section */
		B6442FF21F5F6938004BAB45 /* Build configuration list for PBXProject "CoreMLExample" */ = {
			isa = XCConfigurationList;
			buildConfigurations = (
				B644301D1F5F6939004BAB45 /* Debug */,
				B644301E1F5F6939004BAB45 /* Release */,
			);
			defaultConfigurationIsVisible = 0;
			defaultConfigurationName = Release;
		};
		B644301F1F5F6939004BAB45 /* Build configuration list for PBXNativeTarget "CoreMLExample" */ = {
			isa = XCConfigurationList;
			buildConfigurations = (
				B64430201F5F6939004BAB45 /* Debug */,
				B64430211F5F6939004BAB45 /* Release */,
			);
			defaultConfigurationIsVisible = 0;
			defaultConfigurationName = Release;
		};
/* End XCConfigurationList section */
	};
	rootObject = B6442FEF1F5F6938004BAB45 /* Project object */;
}
